
Microsoft Visual Studio Solution File, Format Version 12.00
# Visual Studio 15
VisualStudioVersion = 15.0.27703.2047
MinimumVisualStudioVersion = 10.0.40219.1
Project("{FAE04EC0-301F-11D3-BF4B-00C04F79EFBC}") = "Ecoview Сканирование спектра", "Ecoview Сканирование спектра\Ecoview Сканирование спектра.csproj", "{C94D4897-E118-441D-A06C-F6445ACE9DE5}"
EndProject
Global
	GlobalSection(SolutionConfigurationPlatforms) = preSolution
		Debug|Any CPU = Debug|Any CPU
		Release|Any CPU = Release|Any CPU
	EndGlobalSection
	GlobalSection(ProjectConfigurationPlatforms) = postSolution
		{C94D4897-E118-441D-A06C-F6445ACE9DE5}.Debug|Any CPU.ActiveCfg = Debug|Any CPU
		{C94D4897-E118-441D-A06C-F6445ACE9DE5}.Debug|Any CPU.Build.0 = Debug|Any CPU
		{C94D4897-E118-441D-A06C-F6445ACE9DE5}.Release|Any CPU.ActiveCfg = Release|Any CPU
		{C94D4897-E118-441D-A06C-F6445ACE9DE5}.Release|Any CPU.Build.0 = Release|Any CPU
	EndGlobalSection
	GlobalSection(SolutionProperties) = preSolution
		HideSolutionNode = FALSE
	EndGlobalSection
	GlobalSection(ExtensibilityGlobals) = postSolution
		SolutionGuid = {CD8D86FC-8A03-4DB7-B741-CB7B174BE853}
	EndGlobalSection
EndGlobal
